// !$*UTF8*$!
{
	archiveVersion = 1;
	classes = {
	};
	objectVersion = 56;
	objects = {

/* Begin PBXBuildFile section */
		78074F0F29E911EA00A29D79 /* AppDelegate.swift in Sources */ = {isa = PBXBuildFile; fileRef = 78074F0E29E911EA00A29D79 /* AppDelegate.swift */; };
		78074F1129E911EA00A29D79 /* SceneDelegate.swift in Sources */ = {isa = PBXBuildFile; fileRef = 78074F1029E911EA00A29D79 /* SceneDelegate.swift */; };
		78074F1329E911EA00A29D79 /* MainViewController.swift in Sources */ = {isa = PBXBuildFile; fileRef = 78074F1229E911EA00A29D79 /* MainViewController.swift */; };
		78074F1629E911EA00A29D79 /* Main.storyboard in Resources */ = {isa = PBXBuildFile; fileRef = 78074F1429E911EA00A29D79 /* Main.storyboard */; };
		78074F1829E911EB00A29D79 /* Assets.xcassets in Resources */ = {isa = PBXBuildFile; fileRef = 78074F1729E911EB00A29D79 /* Assets.xcassets */; };
		78074F1B29E911EB00A29D79 /* LaunchScreen.storyboard in Resources */ = {isa = PBXBuildFile; fileRef = 78074F1929E911EB00A29D79 /* LaunchScreen.storyboard */; };
		78074F2F29E914FA00A29D79 /* Constants.swift in Sources */ = {isa = PBXBuildFile; fileRef = 78074F2E29E914FA00A29D79 /* Constants.swift */; };
		78074F3129E915D000A29D79 /* NetworkService.swift in Sources */ = {isa = PBXBuildFile; fileRef = 78074F3029E915D000A29D79 /* NetworkService.swift */; };
		78074F3329E915EE00A29D79 /* NetworkHelpers.swift in Sources */ = {isa = PBXBuildFile; fileRef = 78074F3229E915EE00A29D79 /* NetworkHelpers.swift */; };
		78074F3529E9165C00A29D79 /* Model.swift in Sources */ = {isa = PBXBuildFile; fileRef = 78074F3429E9165C00A29D79 /* Model.swift */; };
		78074F3729E91BDC00A29D79 /* MainViewModel.swift in Sources */ = {isa = PBXBuildFile; fileRef = 78074F3629E91BDC00A29D79 /* MainViewModel.swift */; };
		78074F3A29E91C8500A29D79 /* MainTableViewCell.swift in Sources */ = {isa = PBXBuildFile; fileRef = 78074F3829E91C8500A29D79 /* MainTableViewCell.swift */; };
		78074F3B29E91C8500A29D79 /* MainTableViewCell.xib in Resources */ = {isa = PBXBuildFile; fileRef = 78074F3929E91C8500A29D79 /* MainTableViewCell.xib */; };
		78074F3D29E9250700A29D79 /* DetailViewController.swift in Sources */ = {isa = PBXBuildFile; fileRef = 78074F3C29E9250700A29D79 /* DetailViewController.swift */; };
/* End PBXBuildFile section */

/* Begin PBXFileReference section */
		78074F0B29E911EA00A29D79 /* BooksApp.14.04.23.app */ = {isa = PBXFileReference; explicitFileType = wrapper.application; includeInIndex = 0; path = BooksApp.14.04.23.app; sourceTree = BUILT_PRODUCTS_DIR; };
		78074F0E29E911EA00A29D79 /* AppDelegate.swift */ = {isa = PBXFileReference; lastKnownFileType = sourcecode.swift; path = AppDelegate.swift; sourceTree = "<group>"; };
		78074F1029E911EA00A29D79 /* SceneDelegate.swift */ = {isa = PBXFileReference; lastKnownFileType = sourcecode.swift; path = SceneDelegate.swift; sourceTree = "<group>"; };
		78074F1229E911EA00A29D79 /* MainViewController.swift */ = {isa = PBXFileReference; lastKnownFileType = sourcecode.swift; path = MainViewController.swift; sourceTree = "<group>"; };
		78074F1529E911EA00A29D79 /* Base */ = {isa = PBXFileReference; lastKnownFileType = file.storyboard; name = Base; path = Base.lproj/Main.storyboard; sourceTree = "<group>"; };
		78074F1729E911EB00A29D79 /* Assets.xcassets */ = {isa = PBXFileReference; lastKnownFileType = folder.assetcatalog; path = Assets.xcassets; sourceTree = "<group>"; };
		78074F1A29E911EB00A29D79 /* Base */ = {isa = PBXFileReference; lastKnownFileType = file.storyboard; name = Base; path = Base.lproj/LaunchScreen.storyboard; sourceTree = "<group>"; };
		78074F1C29E911EB00A29D79 /* Info.plist */ = {isa = PBXFileReference; lastKnownFileType = text.plist.xml; path = Info.plist; sourceTree = "<group>"; };
		78074F2E29E914FA00A29D79 /* Constants.swift */ = {isa = PBXFileReference; lastKnownFileType = sourcecode.swift; path = Constants.swift; sourceTree = "<group>"; };
		78074F3029E915D000A29D79 /* NetworkService.swift */ = {isa = PBXFileReference; lastKnownFileType = sourcecode.swift; path = NetworkService.swift; sourceTree = "<group>"; };
		78074F3229E915EE00A29D79 /* NetworkHelpers.swift */ = {isa = PBXFileReference; lastKnownFileType = sourcecode.swift; path = NetworkHelpers.swift; sourceTree = "<group>"; };
		78074F3429E9165C00A29D79 /* Model.swift */ = {isa = PBXFileReference; lastKnownFileType = sourcecode.swift; path = Model.swift; sourceTree = "<group>"; };
		78074F3629E91BDC00A29D79 /* MainViewModel.swift */ = {isa = PBXFileReference; lastKnownFileType = sourcecode.swift; path = MainViewModel.swift; sourceTree = "<group>"; };
		78074F3829E91C8500A29D79 /* MainTableViewCell.swift */ = {isa = PBXFileReference; lastKnownFileType = sourcecode.swift; path = MainTableViewCell.swift; sourceTree = "<group>"; };
		78074F3929E91C8500A29D79 /* MainTableViewCell.xib */ = {isa = PBXFileReference; lastKnownFileType = file.xib; path = MainTableViewCell.xib; sourceTree = "<group>"; };
		78074F3C29E9250700A29D79 /* DetailViewController.swift */ = {isa = PBXFileReference; lastKnownFileType = sourcecode.swift; path = DetailViewController.swift; sourceTree = "<group>"; };
/* End PBXFileReference section */

/* Begin PBXFrameworksBuildPhase section */
		78074F0829E911EA00A29D79 /* Frameworks */ = {
			isa = PBXFrameworksBuildPhase;
			buildActionMask = 2147483647;
			files = (
			);
			runOnlyForDeploymentPostprocessing = 0;
		};
/* End PBXFrameworksBuildPhase section */

/* Begin PBXGroup section */
		78074F0229E911EA00A29D79 = {
			isa = PBXGroup;
			children = (
				78074F0D29E911EA00A29D79 /* BooksApp.14.04.23 */,
				78074F0C29E911EA00A29D79 /* Products */,
			);
			sourceTree = "<group>";
		};
		78074F0C29E911EA00A29D79 /* Products */ = {
			isa = PBXGroup;
			children = (
				78074F0B29E911EA00A29D79 /* BooksApp.14.04.23.app */,
			);
			name = Products;
			sourceTree = "<group>";
		};
		78074F0D29E911EA00A29D79 /* BooksApp.14.04.23 */ = {
			isa = PBXGroup;
			children = (
				78074F2A29E912C000A29D79 /* Constants */,
				78074F2929E912BB00A29D79 /* Services */,
				78074F2829E9129E00A29D79 /* Model */,
				78074F2729E9129600A29D79 /* ViewModels */,
				78074F2529E9125B00A29D79 /* Views */,
				78074F2429E9124700A29D79 /* Storyboard */,
				78074F2329E9123E00A29D79 /* App */,
				78074F1C29E911EB00A29D79 /* Info.plist */,
			);
			path = BooksApp.14.04.23;
			sourceTree = "<group>";
		};
		78074F2329E9123E00A29D79 /* App */ = {
			isa = PBXGroup;
			children = (
				78074F0E29E911EA00A29D79 /* AppDelegate.swift */,
				78074F1029E911EA00A29D79 /* SceneDelegate.swift */,
			);
			path = App;
			sourceTree = "<group>";
		};
		78074F2429E9124700A29D79 /* Storyboard */ = {
			isa = PBXGroup;
			children = (
				78074F1429E911EA00A29D79 /* Main.storyboard */,
				78074F1729E911EB00A29D79 /* Assets.xcassets */,
				78074F1929E911EB00A29D79 /* LaunchScreen.storyboard */,
			);
			path = Storyboard;
			sourceTree = "<group>";
		};
		78074F2529E9125B00A29D79 /* Views */ = {
			isa = PBXGroup;
			children = (
				78074F2C29E913EC00A29D79 /* Components */,
				78074F2629E9128600A29D79 /* Main */,
				78074F2B29E9136200A29D79 /* Detail */,
			);
			path = Views;
			sourceTree = "<group>";
		};
		78074F2629E9128600A29D79 /* Main */ = {
			isa = PBXGroup;
			children = (
				78074F1229E911EA00A29D79 /* MainViewController.swift */,
			);
			path = Main;
			sourceTree = "<group>";
		};
		78074F2729E9129600A29D79 /* ViewModels */ = {
			isa = PBXGroup;
			children = (
				78074F3629E91BDC00A29D79 /* MainViewModel.swift */,
			);
			path = ViewModels;
			sourceTree = "<group>";
		};
		78074F2829E9129E00A29D79 /* Model */ = {
			isa = PBXGroup;
			children = (
				78074F3429E9165C00A29D79 /* Model.swift */,
			);
			path = Model;
			sourceTree = "<group>";
		};
		78074F2929E912BB00A29D79 /* Services */ = {
			isa = PBXGroup;
			children = (
				78074F2D29E913FE00A29D79 /* NetworkService */,
			);
			path = Services;
			sourceTree = "<group>";
		};
		78074F2A29E912C000A29D79 /* Constants */ = {
			isa = PBXGroup;
			children = (
				78074F2E29E914FA00A29D79 /* Constants.swift */,
			);
			path = Constants;
			sourceTree = "<group>";
		};
		78074F2B29E9136200A29D79 /* Detail */ = {
			isa = PBXGroup;
			children = (
				78074F3C29E9250700A29D79 /* DetailViewController.swift */,
			);
			path = Detail;
			sourceTree = "<group>";
		};
		78074F2C29E913EC00A29D79 /* Components */ = {
			isa = PBXGroup;
			children = (
				78074F3829E91C8500A29D79 /* MainTableViewCell.swift */,
				78074F3929E91C8500A29D79 /* MainTableViewCell.xib */,
			);
			path = Components;
			sourceTree = "<group>";
		};
		78074F2D29E913FE00A29D79 /* NetworkService */ = {
			isa = PBXGroup;
			children = (
				78074F3029E915D000A29D79 /* NetworkService.swift */,
				78074F3229E915EE00A29D79 /* NetworkHelpers.swift */,
			);
			path = NetworkService;
			sourceTree = "<group>";
		};
/* End PBXGroup section */

/* Begin PBXNativeTarget section */
		78074F0A29E911EA00A29D79 /* BooksApp.14.04.23 */ = {
			isa = PBXNativeTarget;
			buildConfigurationList = 78074F1F29E911EB00A29D79 /* Build configuration list for PBXNativeTarget "BooksApp.14.04.23" */;
			buildPhases = (
				78074F0729E911EA00A29D79 /* Sources */,
				78074F0829E911EA00A29D79 /* Frameworks */,
				78074F0929E911EA00A29D79 /* Resources */,
			);
			buildRules = (
			);
			dependencies = (
			);
			name = BooksApp.14.04.23;
			productName = BooksApp.14.04.23;
			productReference = 78074F0B29E911EA00A29D79 /* BooksApp.14.04.23.app */;
			productType = "com.apple.product-type.application";
		};
/* End PBXNativeTarget section */

/* Begin PBXProject section */
		78074F0329E911EA00A29D79 /* Project object */ = {
			isa = PBXProject;
			attributes = {
				BuildIndependentTargetsInParallel = 1;
				LastSwiftUpdateCheck = 1430;
				LastUpgradeCheck = 1430;
				TargetAttributes = {
					78074F0A29E911EA00A29D79 = {
						CreatedOnToolsVersion = 14.3;
					};
				};
			};
			buildConfigurationList = 78074F0629E911EA00A29D79 /* Build configuration list for PBXProject "BooksApp.14.04.23" */;
			compatibilityVersion = "Xcode 14.0";
			developmentRegion = en;
			hasScannedForEncodings = 0;
			knownRegions = (
				en,
				Base,
			);
			mainGroup = 78074F0229E911EA00A29D79;
			productRefGroup = 78074F0C29E911EA00A29D79 /* Products */;
			projectDirPath = "";
			projectRoot = "";
			targets = (
				78074F0A29E911EA00A29D79 /* BooksApp.14.04.23 */,
			);
		};
/* End PBXProject section */

/* Begin PBXResourcesBuildPhase section */
		78074F0929E911EA00A29D79 /* Resources */ = {
			isa = PBXResourcesBuildPhase;
			buildActionMask = 2147483647;
			files = (
				78074F1B29E911EB00A29D79 /* LaunchScreen.storyboard in Resources */,
				78074F1829E911EB00A29D79 /* Assets.xcassets in Resources */,
				78074F3B29E91C8500A29D79 /* MainTableViewCell.xib in Resources */,
				78074F1629E911EA00A29D79 /* Main.storyboard in Resources */,
			);
			runOnlyForDeploymentPostprocessing = 0;
		};
/* End PBXResourcesBuildPhase section */

/* Begin PBXSourcesBuildPhase section */
		78074F0729E911EA00A29D79 /* Sources */ = {
			isa = PBXSourcesBuildPhase;
			buildActionMask = 2147483647;
			files = (
				78074F3529E9165C00A29D79 /* Model.swift in Sources */,
				78074F3A29E91C8500A29D79 /* MainTableViewCell.swift in Sources */,
				78074F3329E915EE00A29D79 /* NetworkHelpers.swift in Sources */,
				78074F3129E915D000A29D79 /* NetworkService.swift in Sources */,
				78074F1329E911EA00A29D79 /* MainViewController.swift in Sources */,
				78074F0F29E911EA00A29D79 /* AppDelegate.swift in Sources */,
				78074F1129E911EA00A29D79 /* SceneDelegate.swift in Sources */,
				78074F3D29E9250700A29D79 /* DetailViewController.swift in Sources */,
				78074F2F29E914FA00A29D79 /* Constants.swift in Sources */,
				78074F3729E91BDC00A29D79 /* MainViewModel.swift in Sources */,
			);
			runOnlyForDeploymentPostprocessing = 0;
		};
/* End PBXSourcesBuildPhase section */

/* Begin PBXVariantGroup section */
		78074F1429E911EA00A29D79 /* Main.storyboard */ = {
			isa = PBXVariantGroup;
			children = (
				78074F1529E911EA00A29D79 /* Base */,
			);
			name = Main.storyboard;
			sourceTree = "<group>";
		};
		78074F1929E911EB00A29D79 /* LaunchScreen.storyboard */ = {
			isa = PBXVariantGroup;
			children = (
				78074F1A29E911EB00A29D79 /* Base */,
			);
			name = LaunchScreen.storyboard;
			sourceTree = "<group>";
		};
/* End PBXVariantGroup section */

/* Begin XCBuildConfiguration section */
		78074F1D29E911EB00A29D79 /* Debug */ = {
			isa = XCBuildConfiguration;
			buildSettings = {
				ALWAYS_SEARCH_USER_PATHS = NO;
				CLANG_ANALYZER_NONNULL = YES;
				CLANG_ANALYZER_NUMBER_OBJECT_CONVERSION = YES_AGGRESSIVE;
				CLANG_CXX_LANGUAGE_STANDARD = "gnu++20";
				CLANG_ENABLE_MODULES = YES;
				CLANG_ENABLE_OBJC_ARC = YES;
				CLANG_ENABLE_OBJC_WEAK = YES;
				CLANG_WARN_BLOCK_CAPTURE_AUTORELEASING = YES;
				CLANG_WARN_BOOL_CONVERSION = YES;
				CLANG_WARN_COMMA = YES;
				CLANG_WARN_CONSTANT_CONVERSION = YES;
				CLANG_WARN_DEPRECATED_OBJC_IMPLEMENTATIONS = YES;
				CLANG_WARN_DIRECT_OBJC_ISA_USAGE = YES_ERROR;
				CLANG_WARN_DOCUMENTATION_COMMENTS = YES;
				CLANG_WARN_EMPTY_BODY = YES;
				CLANG_WARN_ENUM_CONVERSION = YES;
				CLANG_WARN_INFINITE_RECURSION = YES;
				CLANG_WARN_INT_CONVERSION = YES;
				CLANG_WARN_NON_LITERAL_NULL_CONVERSION = YES;
				CLANG_WARN_OBJC_IMPLICIT_RETAIN_SELF = YES;
				CLANG_WARN_OBJC_LITERAL_CONVERSION = YES;
				CLANG_WARN_OBJC_ROOT_CLASS = YES_ERROR;
				CLANG_WARN_QUOTED_INCLUDE_IN_FRAMEWORK_HEADER = YES;
				CLANG_WARN_RANGE_LOOP_ANALYSIS = YES;
				CLANG_WARN_STRICT_PROTOTYPES = YES;
				CLANG_WARN_SUSPICIOUS_MOVE = YES;
				CLANG_WARN_UNGUARDED_AVAILABILITY = YES_AGGRESSIVE;
				CLANG_WARN_UNREACHABLE_CODE = YES;
				CLANG_WARN__DUPLICATE_METHOD_MATCH = YES;
				COPY_PHASE_STRIP = NO;
				DEBUG_INFORMATION_FORMAT = dwarf;
				ENABLE_STRICT_OBJC_MSGSEND = YES;
				ENABLE_TESTABILITY = YES;
				GCC_C_LANGUAGE_STANDARD = gnu11;
				GCC_DYNAMIC_NO_PIC = NO;
				GCC_NO_COMMON_BLOCKS = YES;
				GCC_OPTIMIZATION_LEVEL = 0;
				GCC_PREPROCESSOR_DEFINITIONS = (
					"DEBUG=1",
					"$(inherited)",
				);
				GCC_WARN_64_TO_32_BIT_CONVERSION = YES;
				GCC_WARN_ABOUT_RETURN_TYPE = YES_ERROR;
				GCC_WARN_UNDECLARED_SELECTOR = YES;
				GCC_WARN_UNINITIALIZED_AUTOS = YES_AGGRESSIVE;
				GCC_WARN_UNUSED_FUNCTION = YES;
				GCC_WARN_UNUSED_VARIABLE = YES;
				IPHONEOS_DEPLOYMENT_TARGET = 16.4;
				MTL_ENABLE_DEBUG_INFO = INCLUDE_SOURCE;
				MTL_FAST_MATH = YES;
				ONLY_ACTIVE_ARCH = YES;
				SDKROOT = iphoneos;
				SWIFT_ACTIVE_COMPILATION_CONDITIONS = DEBUG;
				SWIFT_OPTIMIZATION_LEVEL = "-Onone";
			};
			name = Debug;
		};
		78074F1E29E911EB00A29D79 /* Release */ = {
			isa = XCBuildConfiguration;
			buildSettings = {
				ALWAYS_SEARCH_USER_PATHS = NO;
				CLANG_ANALYZER_NONNULL = YES;
				CLANG_ANALYZER_NUMBER_OBJECT_CONVERSION = YES_AGGRESSIVE;
				CLANG_CXX_LANGUAGE_STANDARD = "gnu++20";
				CLANG_ENABLE_MODULES = YES;
				CLANG_ENABLE_OBJC_ARC = YES;
				CLANG_ENABLE_OBJC_WEAK = YES;
				CLANG_WARN_BLOCK_CAPTURE_AUTORELEASING = YES;
				CLANG_WARN_BOOL_CONVERSION = YES;
				CLANG_WARN_COMMA = YES;
				CLANG_WARN_CONSTANT_CONVERSION = YES;
				CLANG_WARN_DEPRECATED_OBJC_IMPLEMENTATIONS = YES;
				CLANG_WARN_DIRECT_OBJC_ISA_USAGE = YES_ERROR;
				CLANG_WARN_DOCUMENTATION_COMMENTS = YES;
				CLANG_WARN_EMPTY_BODY = YES;
				CLANG_WARN_ENUM_CONVERSION = YES;
				CLANG_WARN_INFINITE_RECURSION = YES;
				CLANG_WARN_INT_CONVERSION = YES;
				CLANG_WARN_NON_LITERAL_NULL_CONVERSION = YES;
				CLANG_WARN_OBJC_IMPLICIT_RETAIN_SELF = YES;
				CLANG_WARN_OBJC_LITERAL_CONVERSION = YES;
				CLANG_WARN_OBJC_ROOT_CLASS = YES_ERROR;
				CLANG_WARN_QUOTED_INCLUDE_IN_FRAMEWORK_HEADER = YES;
				CLANG_WARN_RANGE_LOOP_ANALYSIS = YES;
				CLANG_WARN_STRICT_PROTOTYPES = YES;
				CLANG_WARN_SUSPICIOUS_MOVE = YES;
				CLANG_WARN_UNGUARDED_AVAILABILITY = YES_AGGRESSIVE;
				CLANG_WARN_UNREACHABLE_CODE = YES;
				CLANG_WARN__DUPLICATE_METHOD_MATCH = YES;
				COPY_PHASE_STRIP = NO;
				DEBUG_INFORMATION_FORMAT = "dwarf-with-dsym";
				ENABLE_NS_ASSERTIONS = NO;
				ENABLE_STRICT_OBJC_MSGSEND = YES;
				GCC_C_LANGUAGE_STANDARD = gnu11;
				GCC_NO_COMMON_BLOCKS = YES;
				GCC_WARN_64_TO_32_BIT_CONVERSION = YES;
				GCC_WARN_ABOUT_RETURN_TYPE = YES_ERROR;
				GCC_WARN_UNDECLARED_SELECTOR = YES;
				GCC_WARN_UNINITIALIZED_AUTOS = YES_AGGRESSIVE;
				GCC_WARN_UNUSED_FUNCTION = YES;
				GCC_WARN_UNUSED_VARIABLE = YES;
				IPHONEOS_DEPLOYMENT_TARGET = 16.4;
				MTL_ENABLE_DEBUG_INFO = NO;
				MTL_FAST_MATH = YES;
				SDKROOT = iphoneos;
				SWIFT_COMPILATION_MODE = wholemodule;
				SWIFT_OPTIMIZATION_LEVEL = "-O";
				VALIDATE_PRODUCT = YES;
			};
			name = Release;
		};
		78074F2029E911EB00A29D79 /* Debug */ = {
			isa = XCBuildConfiguration;
			buildSettings = {
				ASSETCATALOG_COMPILER_APPICON_NAME = AppIcon;
				ASSETCATALOG_COMPILER_GLOBAL_ACCENT_COLOR_NAME = AccentColor;
				CODE_SIGN_STYLE = Automatic;
				CURRENT_PROJECT_VERSION = 1;
				DEVELOPMENT_TEAM = 2X83VDWRY6;
				GENERATE_INFOPLIST_FILE = YES;
				INFOPLIST_FILE = BooksApp.14.04.23/Info.plist;
				INFOPLIST_KEY_UIApplicationSupportsIndirectInputEvents = YES;
				INFOPLIST_KEY_UILaunchStoryboardName = LaunchScreen;
				INFOPLIST_KEY_UIMainStoryboardFile = Main;
				INFOPLIST_KEY_UISupportedInterfaceOrientations_iPad = "UIInterfaceOrientationPortrait UIInterfaceOrientationPortraitUpsideDown UIInterfaceOrientationLandscapeLeft UIInterfaceOrientationLandscapeRight";
				INFOPLIST_KEY_UISupportedInterfaceOrientations_iPhone = "UIInterfaceOrientationPortrait UIInterfaceOrientationLandscapeLeft UIInterfaceOrientationLandscapeRight";
				LD_RUNPATH_SEARCH_PATHS = (
					"$(inherited)",
					"@executable_path/Frameworks",
				);
				MARKETING_VERSION = 1.0;
				PRODUCT_BUNDLE_IDENTIFIER = "com.zalkarbekarapbaev.BooksApp-14-04-23";
				PRODUCT_NAME = "$(TARGET_NAME)";
				SWIFT_EMIT_LOC_STRINGS = YES;
				SWIFT_VERSION = 5.0;
				TARGETED_DEVICE_FAMILY = "1,2";
			};
			name = Debug;
		};
		78074F2129E911EB00A29D79 /* Release */ = {
			isa = XCBuildConfiguration;
			buildSettings = {
				ASSETCATALOG_COMPILER_APPICON_NAME = AppIcon;
				ASSETCATALOG_COMPILER_GLOBAL_ACCENT_COLOR_NAME = AccentColor;
				CODE_SIGN_STYLE = Automatic;
				CURRENT_PROJECT_VERSION = 1;
				DEVELOPMENT_TEAM = 2X83VDWRY6;
				GENERATE_INFOPLIST_FILE = YES;
				INFOPLIST_FILE = BooksApp.14.04.23/Info.plist;
				INFOPLIST_KEY_UIApplicationSupportsIndirectInputEvents = YES;
				INFOPLIST_KEY_UILaunchStoryboardName = LaunchScreen;
				INFOPLIST_KEY_UIMainStoryboardFile = Main;
				INFOPLIST_KEY_UISupportedInterfaceOrientations_iPad = "UIInterfaceOrientationPortrait UIInterfaceOrientationPortraitUpsideDown UIInterfaceOrientationLandscapeLeft UIInterfaceOrientationLandscapeRight";
				INFOPLIST_KEY_UISupportedInterfaceOrientations_iPhone = "UIInterfaceOrientationPortrait UIInterfaceOrientationLandscapeLeft UIInterfaceOrientationLandscapeRight";
				LD_RUNPATH_SEARCH_PATHS = (
					"$(inherited)",
					"@executable_path/Frameworks",
				);
				MARKETING_VERSION = 1.0;
				PRODUCT_BUNDLE_IDENTIFIER = "com.zalkarbekarapbaev.BooksApp-14-04-23";
				PRODUCT_NAME = "$(TARGET_NAME)";
				SWIFT_EMIT_LOC_STRINGS = YES;
				SWIFT_VERSION = 5.0;
				TARGETED_DEVICE_FAMILY = "1,2";
			};
			name = Release;
		};
/* End XCBuildConfiguration section */

/* Begin XCConfigurationList section */
		78074F0629E911EA00A29D79 /* Build configuration list for PBXProject "BooksApp.14.04.23" */ = {
			isa = XCConfigurationList;
			buildConfigurations = (
				78074F1D29E911EB00A29D79 /* Debug */,
				78074F1E29E911EB00A29D79 /* Release */,
			);
			defaultConfigurationIsVisible = 0;
			defaultConfigurationName = Release;
		};
		78074F1F29E911EB00A29D79 /* Build configuration list for PBXNativeTarget "BooksApp.14.04.23" */ = {
			isa = XCConfigurationList;
			buildConfigurations = (
				78074F2029E911EB00A29D79 /* Debug */,
				78074F2129E911EB00A29D79 /* Release */,
			);
			defaultConfigurationIsVisible = 0;
			defaultConfigurationName = Release;
		};
/* End XCConfigurationList section */
	};
	rootObject = 78074F0329E911EA00A29D79 /* Project object */;
}
